
Microsoft Visual Studio Solution File, Format Version 12.00
# Visual Studio Version 17
VisualStudioVersion = 17.4.33213.308
MinimumVisualStudioVersion = 10.0.40219.1
Project("{FAE04EC0-301F-11D3-BF4B-00C04F79EFBC}") = "Market 1234", "Market 1234\Market 1234.csproj", "{C4C1187C-3CF5-45B7-A05A-5C53431803E4}"
EndProject
Global
	GlobalSection(SolutionConfigurationPlatforms) = preSolution
		Debug|Any CPU = Debug|Any CPU
		Release|Any CPU = Release|Any CPU
	EndGlobalSection
	GlobalSection(ProjectConfigurationPlatforms) = postSolution
		{C4C1187C-3CF5-45B7-A05A-5C53431803E4}.Debug|Any CPU.ActiveCfg = Debug|Any CPU
		{C4C1187C-3CF5-45B7-A05A-5C53431803E4}.Debug|Any CPU.Build.0 = Debug|Any CPU
		{C4C1187C-3CF5-45B7-A05A-5C53431803E4}.Release|Any CPU.ActiveCfg = Release|Any CPU
		{C4C1187C-3CF5-45B7-A05A-5C53431803E4}.Release|Any CPU.Build.0 = Release|Any CPU
	EndGlobalSection
	GlobalSection(SolutionProperties) = preSolution
		HideSolutionNode = FALSE
	EndGlobalSection
	GlobalSection(ExtensibilityGlobals) = postSolution
		SolutionGuid = {0A93358A-49E6-44D6-9DAB-1DC5294C73CE}
	EndGlobalSection
EndGlobal
